// !$*UTF8*$!
{
	archiveVersion = 1;
	classes = {
	};
	objectVersion = 56;
	objects = {

/* Begin PBXBuildFile section */
		9E1B08D62BD38813007AAB48 /* LoginViewController_SnapKit.swift in Sources */ = {isa = PBXBuildFile; fileRef = 9E1B08D52BD38813007AAB48 /* LoginViewController_SnapKit.swift */; };
		9E1B08D82BD3885F007AAB48 /* LoginView.swift in Sources */ = {isa = PBXBuildFile; fileRef = 9E1B08D72BD3885F007AAB48 /* LoginView.swift */; };
		9E1B08DA2BD38CD6007AAB48 /* ChatViewController.swift in Sources */ = {isa = PBXBuildFile; fileRef = 9E1B08D92BD38CD6007AAB48 /* ChatViewController.swift */; };
		9E1B08DD2BD38E17007AAB48 /* ChatTableViewCell.swift in Sources */ = {isa = PBXBuildFile; fileRef = 9E1B08DC2BD38E17007AAB48 /* ChatTableViewCell.swift */; };
		9E1B08DF2BD39A50007AAB48 /* ChatMidel.swift in Sources */ = {isa = PBXBuildFile; fileRef = 9E1B08DE2BD39A50007AAB48 /* ChatMidel.swift */; };
		9E1B08E32BD3A6A3007AAB48 /* ItemViewController.swift in Sources */ = {isa = PBXBuildFile; fileRef = 9E1B08E22BD3A6A3007AAB48 /* ItemViewController.swift */; };
		9E1B08E62BD3A6B8007AAB48 /* ItemModel.swift in Sources */ = {isa = PBXBuildFile; fileRef = 9E1B08E52BD3A6B8007AAB48 /* ItemModel.swift */; };
		9E1B08E82BD3A6FC007AAB48 /* ItemCollectionViewCell.swift in Sources */ = {isa = PBXBuildFile; fileRef = 9E1B08E72BD3A6FC007AAB48 /* ItemCollectionViewCell.swift */; };
		9E498E762BB7D7A800AE494B /* AppDelegate.swift in Sources */ = {isa = PBXBuildFile; fileRef = 9E498E752BB7D7A800AE494B /* AppDelegate.swift */; };
		9E498E782BB7D7A800AE494B /* SceneDelegate.swift in Sources */ = {isa = PBXBuildFile; fileRef = 9E498E772BB7D7A800AE494B /* SceneDelegate.swift */; };
		9E498E7A2BB7D7A800AE494B /* ViewController.swift in Sources */ = {isa = PBXBuildFile; fileRef = 9E498E792BB7D7A800AE494B /* ViewController.swift */; };
		9E498E7D2BB7D7A900AE494B /* Base in Resources */ = {isa = PBXBuildFile; fileRef = 9E498E7C2BB7D7A900AE494B /* Base */; };
		9E498E7F2BB7D7AA00AE494B /* Assets.xcassets in Resources */ = {isa = PBXBuildFile; fileRef = 9E498E7E2BB7D7AA00AE494B /* Assets.xcassets */; };
		9E498E822BB7D7AA00AE494B /* Base in Resources */ = {isa = PBXBuildFile; fileRef = 9E498E812BB7D7AA00AE494B /* Base */; };
		9E498E8D2BB7D7AA00AE494B /* _4th_SOPT_SeminarTests.swift in Sources */ = {isa = PBXBuildFile; fileRef = 9E498E8C2BB7D7AA00AE494B /* _4th_SOPT_SeminarTests.swift */; };
		9E498E972BB7D7AA00AE494B /* _4th_SOPT_SeminarUITests.swift in Sources */ = {isa = PBXBuildFile; fileRef = 9E498E962BB7D7AA00AE494B /* _4th_SOPT_SeminarUITests.swift */; };
		9E498E992BB7D7AA00AE494B /* _4th_SOPT_SeminarUITestsLaunchTests.swift in Sources */ = {isa = PBXBuildFile; fileRef = 9E498E982BB7D7AA00AE494B /* _4th_SOPT_SeminarUITestsLaunchTests.swift */; };
		9E498EA72BB7E4A100AE494B /* LoginViewController.swift in Sources */ = {isa = PBXBuildFile; fileRef = 9E498EA62BB7E4A100AE494B /* LoginViewController.swift */; };
		9E498EA92BB7E90600AE494B /* WelcomViewController.swift in Sources */ = {isa = PBXBuildFile; fileRef = 9E498EA82BB7E90600AE494B /* WelcomViewController.swift */; };
		9E60900F2BBD2E2F00D018B2 /* Font.swift in Sources */ = {isa = PBXBuildFile; fileRef = 9E6090042BBD2E2F00D018B2 /* Font.swift */; };
		9E6090102BBD2E2F00D018B2 /* Pretendard-Black.otf in Resources */ = {isa = PBXBuildFile; fileRef = 9E6090052BBD2E2F00D018B2 /* Pretendard-Black.otf */; };
		9E6090112BBD2E2F00D018B2 /* Pretendard-Bold.otf in Resources */ = {isa = PBXBuildFile; fileRef = 9E6090062BBD2E2F00D018B2 /* Pretendard-Bold.otf */; };
		9E6090122BBD2E2F00D018B2 /* Pretendard-ExtraBold.otf in Resources */ = {isa = PBXBuildFile; fileRef = 9E6090072BBD2E2F00D018B2 /* Pretendard-ExtraBold.otf */; };
		9E6090132BBD2E2F00D018B2 /* Pretendard-ExtraLight.otf in Resources */ = {isa = PBXBuildFile; fileRef = 9E6090082BBD2E2F00D018B2 /* Pretendard-ExtraLight.otf */; };
		9E6090142BBD2E2F00D018B2 /* Pretendard-Light.otf in Resources */ = {isa = PBXBuildFile; fileRef = 9E6090092BBD2E2F00D018B2 /* Pretendard-Light.otf */; };
		9E6090152BBD2E2F00D018B2 /* Pretendard-Medium.otf in Resources */ = {isa = PBXBuildFile; fileRef = 9E60900A2BBD2E2F00D018B2 /* Pretendard-Medium.otf */; };
		9E6090162BBD2E2F00D018B2 /* Pretendard-Regular.otf in Resources */ = {isa = PBXBuildFile; fileRef = 9E60900B2BBD2E2F00D018B2 /* Pretendard-Regular.otf */; };
		9E6090172BBD2E2F00D018B2 /* Pretendard-SemiBold.otf in Resources */ = {isa = PBXBuildFile; fileRef = 9E60900C2BBD2E2F00D018B2 /* Pretendard-SemiBold.otf */; };
		9E6090182BBD2E2F00D018B2 /* Pretendard-Thin.otf in Resources */ = {isa = PBXBuildFile; fileRef = 9E60900D2BBD2E2F00D018B2 /* Pretendard-Thin.otf */; };
		9E60901B2BBD359400D018B2 /* ++UITextField.swift in Sources */ = {isa = PBXBuildFile; fileRef = 9E60901A2BBD359400D018B2 /* ++UITextField.swift */; };
		9E60901D2BBF845700D018B2 /* ++UIView.swift in Sources */ = {isa = PBXBuildFile; fileRef = 9E60901C2BBF845700D018B2 /* ++UIView.swift */; };
		9E6090202BC110F900D018B2 /* Then in Frameworks */ = {isa = PBXBuildFile; productRef = 9E60901F2BC110F900D018B2 /* Then */; };
		9E6090262BC1145000D018B2 /* LoginViewController_DelegatePattern.swift in Sources */ = {isa = PBXBuildFile; fileRef = 9E6090252BC1145000D018B2 /* LoginViewController_DelegatePattern.swift */; };
		9E6090282BC1146700D018B2 /* WelcomeViewController_DelegatePattern.swift in Sources */ = {isa = PBXBuildFile; fileRef = 9E6090272BC1146700D018B2 /* WelcomeViewController_DelegatePattern.swift */; };
		9E60902A2BC11AF800D018B2 /* LoginViewController_Closure.swift in Sources */ = {isa = PBXBuildFile; fileRef = 9E6090292BC11AF800D018B2 /* LoginViewController_Closure.swift */; };
		9E60902C2BC11B3100D018B2 /* WelcomeViewController_Closure.swift in Sources */ = {isa = PBXBuildFile; fileRef = 9E60902B2BC11B3100D018B2 /* WelcomeViewController_Closure.swift */; };
		9E6090312BC1240F00D018B2 /* LoginViewController_SnapKit_Then.swift in Sources */ = {isa = PBXBuildFile; fileRef = 9E6090302BC1240F00D018B2 /* LoginViewController_SnapKit_Then.swift */; };
		9E6090332BC1243C00D018B2 /* WelcomeViewController_SnapKit_Then.swift in Sources */ = {isa = PBXBuildFile; fileRef = 9E6090322BC1243C00D018B2 /* WelcomeViewController_SnapKit_Then.swift */; };
		9E6090362BC127D800D018B2 /* LookinServer in Frameworks */ = {isa = PBXBuildFile; productRef = 9E6090352BC127D800D018B2 /* LookinServer */; };
		9E6090392BC12BA000D018B2 /* SnapKit in Frameworks */ = {isa = PBXBuildFile; productRef = 9E6090382BC12BA000D018B2 /* SnapKit */; };
		9E60903C2BC131BF00D018B2 /* ScrollViewController.swift in Sources */ = {isa = PBXBuildFile; fileRef = 9E60903B2BC131BF00D018B2 /* ScrollViewController.swift */; };
/* End PBXBuildFile section */

/* Begin PBXContainerItemProxy section */
		9E498E892BB7D7AA00AE494B /* PBXContainerItemProxy */ = {
			isa = PBXContainerItemProxy;
			containerPortal = 9E498E6A2BB7D7A800AE494B /* Project object */;
			proxyType = 1;
			remoteGlobalIDString = 9E498E712BB7D7A800AE494B;
			remoteInfo = "34th-SOPT-Seminar";
		};
		9E498E932BB7D7AA00AE494B /* PBXContainerItemProxy */ = {
			isa = PBXContainerItemProxy;
			containerPortal = 9E498E6A2BB7D7A800AE494B /* Project object */;
			proxyType = 1;
			remoteGlobalIDString = 9E498E712BB7D7A800AE494B;
			remoteInfo = "34th-SOPT-Seminar";
		};
/* End PBXContainerItemProxy section */

/* Begin PBXFileReference section */
		9E1B08D52BD38813007AAB48 /* LoginViewController_SnapKit.swift */ = {isa = PBXFileReference; lastKnownFileType = sourcecode.swift; path = LoginViewController_SnapKit.swift; sourceTree = "<group>"; };
		9E1B08D72BD3885F007AAB48 /* LoginView.swift */ = {isa = PBXFileReference; lastKnownFileType = sourcecode.swift; path = LoginView.swift; sourceTree = "<group>"; };
		9E1B08D92BD38CD6007AAB48 /* ChatViewController.swift */ = {isa = PBXFileReference; lastKnownFileType = sourcecode.swift; path = ChatViewController.swift; sourceTree = "<group>"; };
		9E1B08DC2BD38E17007AAB48 /* ChatTableViewCell.swift */ = {isa = PBXFileReference; lastKnownFileType = sourcecode.swift; path = ChatTableViewCell.swift; sourceTree = "<group>"; };
		9E1B08DE2BD39A50007AAB48 /* ChatMidel.swift */ = {isa = PBXFileReference; lastKnownFileType = sourcecode.swift; path = ChatMidel.swift; sourceTree = "<group>"; };
		9E1B08E22BD3A6A3007AAB48 /* ItemViewController.swift */ = {isa = PBXFileReference; lastKnownFileType = sourcecode.swift; path = ItemViewController.swift; sourceTree = "<group>"; };
		9E1B08E52BD3A6B8007AAB48 /* ItemModel.swift */ = {isa = PBXFileReference; lastKnownFileType = sourcecode.swift; path = ItemModel.swift; sourceTree = "<group>"; };
		9E1B08E72BD3A6FC007AAB48 /* ItemCollectionViewCell.swift */ = {isa = PBXFileReference; lastKnownFileType = sourcecode.swift; path = ItemCollectionViewCell.swift; sourceTree = "<group>"; };
		9E498E722BB7D7A800AE494B /* 34th-SOPT-Seminar.app */ = {isa = PBXFileReference; explicitFileType = wrapper.application; includeInIndex = 0; path = "34th-SOPT-Seminar.app"; sourceTree = BUILT_PRODUCTS_DIR; };
		9E498E752BB7D7A800AE494B /* AppDelegate.swift */ = {isa = PBXFileReference; lastKnownFileType = sourcecode.swift; path = AppDelegate.swift; sourceTree = "<group>"; };
		9E498E772BB7D7A800AE494B /* SceneDelegate.swift */ = {isa = PBXFileReference; lastKnownFileType = sourcecode.swift; path = SceneDelegate.swift; sourceTree = "<group>"; };
		9E498E792BB7D7A800AE494B /* ViewController.swift */ = {isa = PBXFileReference; lastKnownFileType = sourcecode.swift; path = ViewController.swift; sourceTree = "<group>"; };
		9E498E7C2BB7D7A900AE494B /* Base */ = {isa = PBXFileReference; lastKnownFileType = file.storyboard; name = Base; path = Base.lproj/Main.storyboard; sourceTree = "<group>"; };
		9E498E7E2BB7D7AA00AE494B /* Assets.xcassets */ = {isa = PBXFileReference; lastKnownFileType = folder.assetcatalog; path = Assets.xcassets; sourceTree = "<group>"; };
		9E498E812BB7D7AA00AE494B /* Base */ = {isa = PBXFileReference; lastKnownFileType = file.storyboard; name = Base; path = Base.lproj/LaunchScreen.storyboard; sourceTree = "<group>"; };
		9E498E832BB7D7AA00AE494B /* Info.plist */ = {isa = PBXFileReference; lastKnownFileType = text.plist.xml; path = Info.plist; sourceTree = "<group>"; };
		9E498E882BB7D7AA00AE494B /* 34th-SOPT-SeminarTests.xctest */ = {isa = PBXFileReference; explicitFileType = wrapper.cfbundle; includeInIndex = 0; path = "34th-SOPT-SeminarTests.xctest"; sourceTree = BUILT_PRODUCTS_DIR; };
		9E498E8C2BB7D7AA00AE494B /* _4th_SOPT_SeminarTests.swift */ = {isa = PBXFileReference; lastKnownFileType = sourcecode.swift; path = _4th_SOPT_SeminarTests.swift; sourceTree = "<group>"; };
		9E498E922BB7D7AA00AE494B /* 34th-SOPT-SeminarUITests.xctest */ = {isa = PBXFileReference; explicitFileType = wrapper.cfbundle; includeInIndex = 0; path = "34th-SOPT-SeminarUITests.xctest"; sourceTree = BUILT_PRODUCTS_DIR; };
		9E498E962BB7D7AA00AE494B /* _4th_SOPT_SeminarUITests.swift */ = {isa = PBXFileReference; lastKnownFileType = sourcecode.swift; path = _4th_SOPT_SeminarUITests.swift; sourceTree = "<group>"; };
		9E498E982BB7D7AA00AE494B /* _4th_SOPT_SeminarUITestsLaunchTests.swift */ = {isa = PBXFileReference; lastKnownFileType = sourcecode.swift; path = _4th_SOPT_SeminarUITestsLaunchTests.swift; sourceTree = "<group>"; };
		9E498EA62BB7E4A100AE494B /* LoginViewController.swift */ = {isa = PBXFileReference; lastKnownFileType = sourcecode.swift; path = LoginViewController.swift; sourceTree = "<group>"; };
		9E498EA82BB7E90600AE494B /* WelcomViewController.swift */ = {isa = PBXFileReference; lastKnownFileType = sourcecode.swift; path = WelcomViewController.swift; sourceTree = "<group>"; };
		9E6090042BBD2E2F00D018B2 /* Font.swift */ = {isa = PBXFileReference; fileEncoding = 4; lastKnownFileType = sourcecode.swift; path = Font.swift; sourceTree = "<group>"; };
		9E6090052BBD2E2F00D018B2 /* Pretendard-Black.otf */ = {isa = PBXFileReference; lastKnownFileType = file; path = "Pretendard-Black.otf"; sourceTree = "<group>"; };
		9E6090062BBD2E2F00D018B2 /* Pretendard-Bold.otf */ = {isa = PBXFileReference; lastKnownFileType = file; path = "Pretendard-Bold.otf"; sourceTree = "<group>"; };
		9E6090072BBD2E2F00D018B2 /* Pretendard-ExtraBold.otf */ = {isa = PBXFileReference; lastKnownFileType = file; path = "Pretendard-ExtraBold.otf"; sourceTree = "<group>"; };
		9E6090082BBD2E2F00D018B2 /* Pretendard-ExtraLight.otf */ = {isa = PBXFileReference; lastKnownFileType = file; path = "Pretendard-ExtraLight.otf"; sourceTree = "<group>"; };
		9E6090092BBD2E2F00D018B2 /* Pretendard-Light.otf */ = {isa = PBXFileReference; lastKnownFileType = file; path = "Pretendard-Light.otf"; sourceTree = "<group>"; };
		9E60900A2BBD2E2F00D018B2 /* Pretendard-Medium.otf */ = {isa = PBXFileReference; lastKnownFileType = file; path = "Pretendard-Medium.otf"; sourceTree = "<group>"; };
		9E60900B2BBD2E2F00D018B2 /* Pretendard-Regular.otf */ = {isa = PBXFileReference; lastKnownFileType = file; path = "Pretendard-Regular.otf"; sourceTree = "<group>"; };
		9E60900C2BBD2E2F00D018B2 /* Pretendard-SemiBold.otf */ = {isa = PBXFileReference; lastKnownFileType = file; path = "Pretendard-SemiBold.otf"; sourceTree = "<group>"; };
		9E60900D2BBD2E2F00D018B2 /* Pretendard-Thin.otf */ = {isa = PBXFileReference; lastKnownFileType = file; path = "Pretendard-Thin.otf"; sourceTree = "<group>"; };
		9E60901A2BBD359400D018B2 /* ++UITextField.swift */ = {isa = PBXFileReference; lastKnownFileType = sourcecode.swift; path = "++UITextField.swift"; sourceTree = "<group>"; };
		9E60901C2BBF845700D018B2 /* ++UIView.swift */ = {isa = PBXFileReference; lastKnownFileType = sourcecode.swift; path = "++UIView.swift"; sourceTree = "<group>"; };
		9E6090252BC1145000D018B2 /* LoginViewController_DelegatePattern.swift */ = {isa = PBXFileReference; lastKnownFileType = sourcecode.swift; path = LoginViewController_DelegatePattern.swift; sourceTree = "<group>"; };
		9E6090272BC1146700D018B2 /* WelcomeViewController_DelegatePattern.swift */ = {isa = PBXFileReference; lastKnownFileType = sourcecode.swift; path = WelcomeViewController_DelegatePattern.swift; sourceTree = "<group>"; };
		9E6090292BC11AF800D018B2 /* LoginViewController_Closure.swift */ = {isa = PBXFileReference; lastKnownFileType = sourcecode.swift; path = LoginViewController_Closure.swift; sourceTree = "<group>"; };
		9E60902B2BC11B3100D018B2 /* WelcomeViewController_Closure.swift */ = {isa = PBXFileReference; lastKnownFileType = sourcecode.swift; path = WelcomeViewController_Closure.swift; sourceTree = "<group>"; };
		9E6090302BC1240F00D018B2 /* LoginViewController_SnapKit_Then.swift */ = {isa = PBXFileReference; lastKnownFileType = sourcecode.swift; path = LoginViewController_SnapKit_Then.swift; sourceTree = "<group>"; };
		9E6090322BC1243C00D018B2 /* WelcomeViewController_SnapKit_Then.swift */ = {isa = PBXFileReference; lastKnownFileType = sourcecode.swift; path = WelcomeViewController_SnapKit_Then.swift; sourceTree = "<group>"; };
		9E60903B2BC131BF00D018B2 /* ScrollViewController.swift */ = {isa = PBXFileReference; lastKnownFileType = sourcecode.swift; path = ScrollViewController.swift; sourceTree = "<group>"; };
/* End PBXFileReference section */

/* Begin PBXFrameworksBuildPhase section */
		9E498E6F2BB7D7A800AE494B /* Frameworks */ = {
			isa = PBXFrameworksBuildPhase;
			buildActionMask = 2147483647;
			files = (
				9E6090392BC12BA000D018B2 /* SnapKit in Frameworks */,
				9E6090202BC110F900D018B2 /* Then in Frameworks */,
				9E6090362BC127D800D018B2 /* LookinServer in Frameworks */,
			);
			runOnlyForDeploymentPostprocessing = 0;
		};
		9E498E852BB7D7AA00AE494B /* Frameworks */ = {
			isa = PBXFrameworksBuildPhase;
			buildActionMask = 2147483647;
			files = (
			);
			runOnlyForDeploymentPostprocessing = 0;
		};
		9E498E8F2BB7D7AA00AE494B /* Frameworks */ = {
			isa = PBXFrameworksBuildPhase;
			buildActionMask = 2147483647;
			files = (
			);
			runOnlyForDeploymentPostprocessing = 0;
		};
/* End PBXFrameworksBuildPhase section */

/* Begin PBXGroup section */
		9E1B08D42BD387C5007AAB48 /* 3rd */ = {
			isa = PBXGroup;
			children = (
				9E1B08DB2BD38DA1007AAB48 /* Login */,
				9E1B08E02BD3A67D007AAB48 /* TableView */,
				9E1B08E12BD3A68B007AAB48 /* CollectionView */,
			);
			path = 3rd;
			sourceTree = "<group>";
		};
		9E1B08DB2BD38DA1007AAB48 /* Login */ = {
			isa = PBXGroup;
			children = (
				9E1B08D72BD3885F007AAB48 /* LoginView.swift */,
				9E1B08D52BD38813007AAB48 /* LoginViewController_SnapKit.swift */,
			);
			path = Login;
			sourceTree = "<group>";
		};
		9E1B08E02BD3A67D007AAB48 /* TableView */ = {
			isa = PBXGroup;
			children = (
				9E1B08D92BD38CD6007AAB48 /* ChatViewController.swift */,
				9E1B08DC2BD38E17007AAB48 /* ChatTableViewCell.swift */,
				9E1B08DE2BD39A50007AAB48 /* ChatMidel.swift */,
			);
			path = TableView;
			sourceTree = "<group>";
		};
		9E1B08E12BD3A68B007AAB48 /* CollectionView */ = {
			isa = PBXGroup;
			children = (
				9E1B08E52BD3A6B8007AAB48 /* ItemModel.swift */,
				9E1B08E72BD3A6FC007AAB48 /* ItemCollectionViewCell.swift */,
				9E1B08E22BD3A6A3007AAB48 /* ItemViewController.swift */,
			);
			path = CollectionView;
			sourceTree = "<group>";
		};
		9E498E692BB7D7A800AE494B = {
			isa = PBXGroup;
			children = (
				9E498E742BB7D7A800AE494B /* 34th-SOPT-Seminar */,
				9E498E8B2BB7D7AA00AE494B /* 34th-SOPT-SeminarTests */,
				9E498E952BB7D7AA00AE494B /* 34th-SOPT-SeminarUITests */,
				9E498E732BB7D7A800AE494B /* Products */,
			);
			sourceTree = "<group>";
		};
		9E498E732BB7D7A800AE494B /* Products */ = {
			isa = PBXGroup;
			children = (
				9E498E722BB7D7A800AE494B /* 34th-SOPT-Seminar.app */,
				9E498E882BB7D7AA00AE494B /* 34th-SOPT-SeminarTests.xctest */,
				9E498E922BB7D7AA00AE494B /* 34th-SOPT-SeminarUITests.xctest */,
			);
			name = Products;
			sourceTree = "<group>";
		};
		9E498E742BB7D7A800AE494B /* 34th-SOPT-Seminar */ = {
			isa = PBXGroup;
			children = (
				9E498E752BB7D7A800AE494B /* AppDelegate.swift */,
				9E498E772BB7D7A800AE494B /* SceneDelegate.swift */,
				9E498E792BB7D7A800AE494B /* ViewController.swift */,
				9E498EA52BB7E49000AE494B /* 1st */,
				9E6090242BC1143F00D018B2 /* 2nd */,
				9E1B08D42BD387C5007AAB48 /* 3rd */,
				9E60900E2BBD2E2F00D018B2 /* Font */,
				9E6090192BBD357B00D018B2 /* Extension */,
				9E498E7B2BB7D7A900AE494B /* Main.storyboard */,
				9E498E7E2BB7D7AA00AE494B /* Assets.xcassets */,
				9E498E802BB7D7AA00AE494B /* LaunchScreen.storyboard */,
				9E498E832BB7D7AA00AE494B /* Info.plist */,
			);
			path = "34th-SOPT-Seminar";
			sourceTree = "<group>";
		};
		9E498E8B2BB7D7AA00AE494B /* 34th-SOPT-SeminarTests */ = {
			isa = PBXGroup;
			children = (
				9E498E8C2BB7D7AA00AE494B /* _4th_SOPT_SeminarTests.swift */,
			);
			path = "34th-SOPT-SeminarTests";
			sourceTree = "<group>";
		};
		9E498E952BB7D7AA00AE494B /* 34th-SOPT-SeminarUITests */ = {
			isa = PBXGroup;
			children = (
				9E498E962BB7D7AA00AE494B /* _4th_SOPT_SeminarUITests.swift */,
				9E498E982BB7D7AA00AE494B /* _4th_SOPT_SeminarUITestsLaunchTests.swift */,
			);
			path = "34th-SOPT-SeminarUITests";
			sourceTree = "<group>";
		};
		9E498EA52BB7E49000AE494B /* 1st */ = {
			isa = PBXGroup;
			children = (
				9E498EA62BB7E4A100AE494B /* LoginViewController.swift */,
				9E498EA82BB7E90600AE494B /* WelcomViewController.swift */,
			);
			path = 1st;
			sourceTree = "<group>";
		};
		9E60900E2BBD2E2F00D018B2 /* Font */ = {
			isa = PBXGroup;
			children = (
				9E6090042BBD2E2F00D018B2 /* Font.swift */,
				9E6090052BBD2E2F00D018B2 /* Pretendard-Black.otf */,
				9E6090062BBD2E2F00D018B2 /* Pretendard-Bold.otf */,
				9E6090072BBD2E2F00D018B2 /* Pretendard-ExtraBold.otf */,
				9E6090082BBD2E2F00D018B2 /* Pretendard-ExtraLight.otf */,
				9E6090092BBD2E2F00D018B2 /* Pretendard-Light.otf */,
				9E60900A2BBD2E2F00D018B2 /* Pretendard-Medium.otf */,
				9E60900B2BBD2E2F00D018B2 /* Pretendard-Regular.otf */,
				9E60900C2BBD2E2F00D018B2 /* Pretendard-SemiBold.otf */,
				9E60900D2BBD2E2F00D018B2 /* Pretendard-Thin.otf */,
			);
			path = Font;
			sourceTree = "<group>";
		};
		9E6090192BBD357B00D018B2 /* Extension */ = {
			isa = PBXGroup;
			children = (
				9E60901A2BBD359400D018B2 /* ++UITextField.swift */,
				9E60901C2BBF845700D018B2 /* ++UIView.swift */,
			);
			path = Extension;
			sourceTree = "<group>";
		};
		9E6090242BC1143F00D018B2 /* 2nd */ = {
			isa = PBXGroup;
			children = (
				9E60902D2BC123BB00D018B2 /* DelegatePattern */,
				9E60902E2BC123CB00D018B2 /* Closure */,
				9E60902F2BC123E000D018B2 /* SnapKit_Then */,
				9E60903A2BC131AC00D018B2 /* ScrollView */,
			);
			path = 2nd;
			sourceTree = "<group>";
		};
		9E60902D2BC123BB00D018B2 /* DelegatePattern */ = {
			isa = PBXGroup;
			children = (
				9E6090252BC1145000D018B2 /* LoginViewController_DelegatePattern.swift */,
				9E6090272BC1146700D018B2 /* WelcomeViewController_DelegatePattern.swift */,
			);
			path = DelegatePattern;
			sourceTree = "<group>";
		};
		9E60902E2BC123CB00D018B2 /* Closure */ = {
			isa = PBXGroup;
			children = (
				9E6090292BC11AF800D018B2 /* LoginViewController_Closure.swift */,
				9E60902B2BC11B3100D018B2 /* WelcomeViewController_Closure.swift */,
			);
			path = Closure;
			sourceTree = "<group>";
		};
		9E60902F2BC123E000D018B2 /* SnapKit_Then */ = {
			isa = PBXGroup;
			children = (
				9E6090302BC1240F00D018B2 /* LoginViewController_SnapKit_Then.swift */,
				9E6090322BC1243C00D018B2 /* WelcomeViewController_SnapKit_Then.swift */,
			);
			path = SnapKit_Then;
			sourceTree = "<group>";
		};
		9E60903A2BC131AC00D018B2 /* ScrollView */ = {
			isa = PBXGroup;
			children = (
				9E60903B2BC131BF00D018B2 /* ScrollViewController.swift */,
			);
			path = ScrollView;
			sourceTree = "<group>";
		};
/* End PBXGroup section */

/* Begin PBXNativeTarget section */
		9E498E712BB7D7A800AE494B /* 34th-SOPT-Seminar */ = {
			isa = PBXNativeTarget;
			buildConfigurationList = 9E498E9C2BB7D7AA00AE494B /* Build configuration list for PBXNativeTarget "34th-SOPT-Seminar" */;
			buildPhases = (
				9E498E6E2BB7D7A800AE494B /* Sources */,
				9E498E6F2BB7D7A800AE494B /* Frameworks */,
				9E498E702BB7D7A800AE494B /* Resources */,
			);
			buildRules = (
			);
			dependencies = (
			);
			name = "34th-SOPT-Seminar";
			packageProductDependencies = (
				9E60901F2BC110F900D018B2 /* Then */,
				9E6090352BC127D800D018B2 /* LookinServer */,
				9E6090382BC12BA000D018B2 /* SnapKit */,
			);
			productName = "34th-SOPT-Seminar";
			productReference = 9E498E722BB7D7A800AE494B /* 34th-SOPT-Seminar.app */;
			productType = "com.apple.product-type.application";
		};
		9E498E872BB7D7AA00AE494B /* 34th-SOPT-SeminarTests */ = {
			isa = PBXNativeTarget;
			buildConfigurationList = 9E498E9F2BB7D7AA00AE494B /* Build configuration list for PBXNativeTarget "34th-SOPT-SeminarTests" */;
			buildPhases = (
				9E498E842BB7D7AA00AE494B /* Sources */,
				9E498E852BB7D7AA00AE494B /* Frameworks */,
				9E498E862BB7D7AA00AE494B /* Resources */,
			);
			buildRules = (
			);
			dependencies = (
				9E498E8A2BB7D7AA00AE494B /* PBXTargetDependency */,
			);
			name = "34th-SOPT-SeminarTests";
			productName = "34th-SOPT-SeminarTests";
			productReference = 9E498E882BB7D7AA00AE494B /* 34th-SOPT-SeminarTests.xctest */;
			productType = "com.apple.product-type.bundle.unit-test";
		};
		9E498E912BB7D7AA00AE494B /* 34th-SOPT-SeminarUITests */ = {
			isa = PBXNativeTarget;
			buildConfigurationList = 9E498EA22BB7D7AA00AE494B /* Build configuration list for PBXNativeTarget "34th-SOPT-SeminarUITests" */;
			buildPhases = (
				9E498E8E2BB7D7AA00AE494B /* Sources */,
				9E498E8F2BB7D7AA00AE494B /* Frameworks */,
				9E498E902BB7D7AA00AE494B /* Resources */,
			);
			buildRules = (
			);
			dependencies = (
				9E498E942BB7D7AA00AE494B /* PBXTargetDependency */,
			);
			name = "34th-SOPT-SeminarUITests";
			productName = "34th-SOPT-SeminarUITests";
			productReference = 9E498E922BB7D7AA00AE494B /* 34th-SOPT-SeminarUITests.xctest */;
			productType = "com.apple.product-type.bundle.ui-testing";
		};
/* End PBXNativeTarget section */

/* Begin PBXProject section */
		9E498E6A2BB7D7A800AE494B /* Project object */ = {
			isa = PBXProject;
			attributes = {
				BuildIndependentTargetsInParallel = 1;
				LastSwiftUpdateCheck = 1530;
				LastUpgradeCheck = 1530;
				TargetAttributes = {
					9E498E712BB7D7A800AE494B = {
						CreatedOnToolsVersion = 15.3;
					};
					9E498E872BB7D7AA00AE494B = {
						CreatedOnToolsVersion = 15.3;
						TestTargetID = 9E498E712BB7D7A800AE494B;
					};
					9E498E912BB7D7AA00AE494B = {
						CreatedOnToolsVersion = 15.3;
						TestTargetID = 9E498E712BB7D7A800AE494B;
					};
				};
			};
			buildConfigurationList = 9E498E6D2BB7D7A800AE494B /* Build configuration list for PBXProject "34th-SOPT-Seminar" */;
			compatibilityVersion = "Xcode 14.0";
			developmentRegion = en;
			hasScannedForEncodings = 0;
			knownRegions = (
				en,
				Base,
			);
			mainGroup = 9E498E692BB7D7A800AE494B;
			packageReferences = (
				9E60901E2BC110F900D018B2 /* XCRemoteSwiftPackageReference "Then" */,
				9E6090342BC127D800D018B2 /* XCRemoteSwiftPackageReference "LookinServer" */,
				9E6090372BC12BA000D018B2 /* XCRemoteSwiftPackageReference "SnapKit" */,
			);
			productRefGroup = 9E498E732BB7D7A800AE494B /* Products */;
			projectDirPath = "";
			projectRoot = "";
			targets = (
				9E498E712BB7D7A800AE494B /* 34th-SOPT-Seminar */,
				9E498E872BB7D7AA00AE494B /* 34th-SOPT-SeminarTests */,
				9E498E912BB7D7AA00AE494B /* 34th-SOPT-SeminarUITests */,
			);
		};
/* End PBXProject section */

/* Begin PBXResourcesBuildPhase section */
		9E498E702BB7D7A800AE494B /* Resources */ = {
			isa = PBXResourcesBuildPhase;
			buildActionMask = 2147483647;
			files = (
				9E6090172BBD2E2F00D018B2 /* Pretendard-SemiBold.otf in Resources */,
				9E6090132BBD2E2F00D018B2 /* Pretendard-ExtraLight.otf in Resources */,
				9E6090142BBD2E2F00D018B2 /* Pretendard-Light.otf in Resources */,
				9E6090182BBD2E2F00D018B2 /* Pretendard-Thin.otf in Resources */,
				9E498E7F2BB7D7AA00AE494B /* Assets.xcassets in Resources */,
				9E6090112BBD2E2F00D018B2 /* Pretendard-Bold.otf in Resources */,
				9E6090122BBD2E2F00D018B2 /* Pretendard-ExtraBold.otf in Resources */,
				9E498E822BB7D7AA00AE494B /* Base in Resources */,
				9E6090102BBD2E2F00D018B2 /* Pretendard-Black.otf in Resources */,
				9E6090162BBD2E2F00D018B2 /* Pretendard-Regular.otf in Resources */,
				9E498E7D2BB7D7A900AE494B /* Base in Resources */,
				9E6090152BBD2E2F00D018B2 /* Pretendard-Medium.otf in Resources */,
			);
			runOnlyForDeploymentPostprocessing = 0;
		};
		9E498E862BB7D7AA00AE494B /* Resources */ = {
			isa = PBXResourcesBuildPhase;
			buildActionMask = 2147483647;
			files = (
			);
			runOnlyForDeploymentPostprocessing = 0;
		};
		9E498E902BB7D7AA00AE494B /* Resources */ = {
			isa = PBXResourcesBuildPhase;
			buildActionMask = 2147483647;
			files = (
			);
			runOnlyForDeploymentPostprocessing = 0;
		};
/* End PBXResourcesBuildPhase section */

/* Begin PBXSourcesBuildPhase section */
		9E498E6E2BB7D7A800AE494B /* Sources */ = {
			isa = PBXSourcesBuildPhase;
			buildActionMask = 2147483647;
			files = (
				9E498EA72BB7E4A100AE494B /* LoginViewController.swift in Sources */,
				9E60902C2BC11B3100D018B2 /* WelcomeViewController_Closure.swift in Sources */,
				9E6090332BC1243C00D018B2 /* WelcomeViewController_SnapKit_Then.swift in Sources */,
				9E6090312BC1240F00D018B2 /* LoginViewController_SnapKit_Then.swift in Sources */,
				9E1B08E82BD3A6FC007AAB48 /* ItemCollectionViewCell.swift in Sources */,
				9E1B08E62BD3A6B8007AAB48 /* ItemModel.swift in Sources */,
				9E498E7A2BB7D7A800AE494B /* ViewController.swift in Sources */,
				9E1B08DD2BD38E17007AAB48 /* ChatTableViewCell.swift in Sources */,
				9E60900F2BBD2E2F00D018B2 /* Font.swift in Sources */,
				9E6090282BC1146700D018B2 /* WelcomeViewController_DelegatePattern.swift in Sources */,
				9E1B08D62BD38813007AAB48 /* LoginViewController_SnapKit.swift in Sources */,
				9E1B08DF2BD39A50007AAB48 /* ChatMidel.swift in Sources */,
				9E60903C2BC131BF00D018B2 /* ScrollViewController.swift in Sources */,
				9E60901B2BBD359400D018B2 /* ++UITextField.swift in Sources */,
				9E1B08D82BD3885F007AAB48 /* LoginView.swift in Sources */,
				9E6090262BC1145000D018B2 /* LoginViewController_DelegatePattern.swift in Sources */,
				9E1B08E32BD3A6A3007AAB48 /* ItemViewController.swift in Sources */,
				9E60902A2BC11AF800D018B2 /* LoginViewController_Closure.swift in Sources */,
				9E498E762BB7D7A800AE494B /* AppDelegate.swift in Sources */,
				9E498E782BB7D7A800AE494B /* SceneDelegate.swift in Sources */,
				9E60901D2BBF845700D018B2 /* ++UIView.swift in Sources */,
				9E1B08DA2BD38CD6007AAB48 /* ChatViewController.swift in Sources */,
				9E498EA92BB7E90600AE494B /* WelcomViewController.swift in Sources */,
			);
			runOnlyForDeploymentPostprocessing = 0;
		};
		9E498E842BB7D7AA00AE494B /* Sources */ = {
			isa = PBXSourcesBuildPhase;
			buildActionMask = 2147483647;
			files = (
				9E498E8D2BB7D7AA00AE494B /* _4th_SOPT_SeminarTests.swift in Sources */,
			);
			runOnlyForDeploymentPostprocessing = 0;
		};
		9E498E8E2BB7D7AA00AE494B /* Sources */ = {
			isa = PBXSourcesBuildPhase;
			buildActionMask = 2147483647;
			files = (
				9E498E972BB7D7AA00AE494B /* _4th_SOPT_SeminarUITests.swift in Sources */,
				9E498E992BB7D7AA00AE494B /* _4th_SOPT_SeminarUITestsLaunchTests.swift in Sources */,
			);
			runOnlyForDeploymentPostprocessing = 0;
		};
/* End PBXSourcesBuildPhase section */

/* Begin PBXTargetDependency section */
		9E498E8A2BB7D7AA00AE494B /* PBXTargetDependency */ = {
			isa = PBXTargetDependency;
			target = 9E498E712BB7D7A800AE494B /* 34th-SOPT-Seminar */;
			targetProxy = 9E498E892BB7D7AA00AE494B /* PBXContainerItemProxy */;
		};
		9E498E942BB7D7AA00AE494B /* PBXTargetDependency */ = {
			isa = PBXTargetDependency;
			target = 9E498E712BB7D7A800AE494B /* 34th-SOPT-Seminar */;
			targetProxy = 9E498E932BB7D7AA00AE494B /* PBXContainerItemProxy */;
		};
/* End PBXTargetDependency section */

/* Begin PBXVariantGroup section */
		9E498E7B2BB7D7A900AE494B /* Main.storyboard */ = {
			isa = PBXVariantGroup;
			children = (
				9E498E7C2BB7D7A900AE494B /* Base */,
			);
			name = Main.storyboard;
			sourceTree = "<group>";
		};
		9E498E802BB7D7AA00AE494B /* LaunchScreen.storyboard */ = {
			isa = PBXVariantGroup;
			children = (
				9E498E812BB7D7AA00AE494B /* Base */,
			);
			name = LaunchScreen.storyboard;
			sourceTree = "<group>";
		};
/* End PBXVariantGroup section */

/* Begin XCBuildConfiguration section */
		9E498E9A2BB7D7AA00AE494B /* Debug */ = {
			isa = XCBuildConfiguration;
			buildSettings = {
				ALWAYS_SEARCH_USER_PATHS = NO;
				ASSETCATALOG_COMPILER_GENERATE_SWIFT_ASSET_SYMBOL_EXTENSIONS = YES;
				CLANG_ANALYZER_NONNULL = YES;
				CLANG_ANALYZER_NUMBER_OBJECT_CONVERSION = YES_AGGRESSIVE;
				CLANG_CXX_LANGUAGE_STANDARD = "gnu++20";
				CLANG_ENABLE_MODULES = YES;
				CLANG_ENABLE_OBJC_ARC = YES;
				CLANG_ENABLE_OBJC_WEAK = YES;
				CLANG_WARN_BLOCK_CAPTURE_AUTORELEASING = YES;
				CLANG_WARN_BOOL_CONVERSION = YES;
				CLANG_WARN_COMMA = YES;
				CLANG_WARN_CONSTANT_CONVERSION = YES;
				CLANG_WARN_DEPRECATED_OBJC_IMPLEMENTATIONS = YES;
				CLANG_WARN_DIRECT_OBJC_ISA_USAGE = YES_ERROR;
				CLANG_WARN_DOCUMENTATION_COMMENTS = YES;
				CLANG_WARN_EMPTY_BODY = YES;
				CLANG_WARN_ENUM_CONVERSION = YES;
				CLANG_WARN_INFINITE_RECURSION = YES;
				CLANG_WARN_INT_CONVERSION = YES;
				CLANG_WARN_NON_LITERAL_NULL_CONVERSION = YES;
				CLANG_WARN_OBJC_IMPLICIT_RETAIN_SELF = YES;
				CLANG_WARN_OBJC_LITERAL_CONVERSION = YES;
				CLANG_WARN_OBJC_ROOT_CLASS = YES_ERROR;
				CLANG_WARN_QUOTED_INCLUDE_IN_FRAMEWORK_HEADER = YES;
				CLANG_WARN_RANGE_LOOP_ANALYSIS = YES;
				CLANG_WARN_STRICT_PROTOTYPES = YES;
				CLANG_WARN_SUSPICIOUS_MOVE = YES;
				CLANG_WARN_UNGUARDED_AVAILABILITY = YES_AGGRESSIVE;
				CLANG_WARN_UNREACHABLE_CODE = YES;
				CLANG_WARN__DUPLICATE_METHOD_MATCH = YES;
				COPY_PHASE_STRIP = NO;
				DEBUG_INFORMATION_FORMAT = dwarf;
				ENABLE_STRICT_OBJC_MSGSEND = YES;
				ENABLE_TESTABILITY = YES;
				ENABLE_USER_SCRIPT_SANDBOXING = YES;
				GCC_C_LANGUAGE_STANDARD = gnu17;
				GCC_DYNAMIC_NO_PIC = NO;
				GCC_NO_COMMON_BLOCKS = YES;
				GCC_OPTIMIZATION_LEVEL = 0;
				GCC_PREPROCESSOR_DEFINITIONS = (
					"DEBUG=1",
					"$(inherited)",
				);
				GCC_WARN_64_TO_32_BIT_CONVERSION = YES;
				GCC_WARN_ABOUT_RETURN_TYPE = YES_ERROR;
				GCC_WARN_UNDECLARED_SELECTOR = YES;
				GCC_WARN_UNINITIALIZED_AUTOS = YES_AGGRESSIVE;
				GCC_WARN_UNUSED_FUNCTION = YES;
				GCC_WARN_UNUSED_VARIABLE = YES;
				IPHONEOS_DEPLOYMENT_TARGET = 17.4;
				LOCALIZATION_PREFERS_STRING_CATALOGS = YES;
				MTL_ENABLE_DEBUG_INFO = INCLUDE_SOURCE;
				MTL_FAST_MATH = YES;
				ONLY_ACTIVE_ARCH = YES;
				SDKROOT = iphoneos;
				SWIFT_ACTIVE_COMPILATION_CONDITIONS = "DEBUG $(inherited)";
				SWIFT_OPTIMIZATION_LEVEL = "-Onone";
			};
			name = Debug;
		};
		9E498E9B2BB7D7AA00AE494B /* Release */ = {
			isa = XCBuildConfiguration;
			buildSettings = {
				ALWAYS_SEARCH_USER_PATHS = NO;
				ASSETCATALOG_COMPILER_GENERATE_SWIFT_ASSET_SYMBOL_EXTENSIONS = YES;
				CLANG_ANALYZER_NONNULL = YES;
				CLANG_ANALYZER_NUMBER_OBJECT_CONVERSION = YES_AGGRESSIVE;
				CLANG_CXX_LANGUAGE_STANDARD = "gnu++20";
				CLANG_ENABLE_MODULES = YES;
				CLANG_ENABLE_OBJC_ARC = YES;
				CLANG_ENABLE_OBJC_WEAK = YES;
				CLANG_WARN_BLOCK_CAPTURE_AUTORELEASING = YES;
				CLANG_WARN_BOOL_CONVERSION = YES;
				CLANG_WARN_COMMA = YES;
				CLANG_WARN_CONSTANT_CONVERSION = YES;
				CLANG_WARN_DEPRECATED_OBJC_IMPLEMENTATIONS = YES;
				CLANG_WARN_DIRECT_OBJC_ISA_USAGE = YES_ERROR;
				CLANG_WARN_DOCUMENTATION_COMMENTS = YES;
				CLANG_WARN_EMPTY_BODY = YES;
				CLANG_WARN_ENUM_CONVERSION = YES;
				CLANG_WARN_INFINITE_RECURSION = YES;
				CLANG_WARN_INT_CONVERSION = YES;
				CLANG_WARN_NON_LITERAL_NULL_CONVERSION = YES;
				CLANG_WARN_OBJC_IMPLICIT_RETAIN_SELF = YES;
				CLANG_WARN_OBJC_LITERAL_CONVERSION = YES;
				CLANG_WARN_OBJC_ROOT_CLASS = YES_ERROR;
				CLANG_WARN_QUOTED_INCLUDE_IN_FRAMEWORK_HEADER = YES;
				CLANG_WARN_RANGE_LOOP_ANALYSIS = YES;
				CLANG_WARN_STRICT_PROTOTYPES = YES;
				CLANG_WARN_SUSPICIOUS_MOVE = YES;
				CLANG_WARN_UNGUARDED_AVAILABILITY = YES_AGGRESSIVE;
				CLANG_WARN_UNREACHABLE_CODE = YES;
				CLANG_WARN__DUPLICATE_METHOD_MATCH = YES;
				COPY_PHASE_STRIP = NO;
				DEBUG_INFORMATION_FORMAT = "dwarf-with-dsym";
				ENABLE_NS_ASSERTIONS = NO;
				ENABLE_STRICT_OBJC_MSGSEND = YES;
				ENABLE_USER_SCRIPT_SANDBOXING = YES;
				GCC_C_LANGUAGE_STANDARD = gnu17;
				GCC_NO_COMMON_BLOCKS = YES;
				GCC_WARN_64_TO_32_BIT_CONVERSION = YES;
				GCC_WARN_ABOUT_RETURN_TYPE = YES_ERROR;
				GCC_WARN_UNDECLARED_SELECTOR = YES;
				GCC_WARN_UNINITIALIZED_AUTOS = YES_AGGRESSIVE;
				GCC_WARN_UNUSED_FUNCTION = YES;
				GCC_WARN_UNUSED_VARIABLE = YES;
				IPHONEOS_DEPLOYMENT_TARGET = 17.4;
				LOCALIZATION_PREFERS_STRING_CATALOGS = YES;
				MTL_ENABLE_DEBUG_INFO = NO;
				MTL_FAST_MATH = YES;
				SDKROOT = iphoneos;
				SWIFT_COMPILATION_MODE = wholemodule;
				VALIDATE_PRODUCT = YES;
			};
			name = Release;
		};
		9E498E9D2BB7D7AA00AE494B /* Debug */ = {
			isa = XCBuildConfiguration;
			buildSettings = {
				ASSETCATALOG_COMPILER_APPICON_NAME = AppIcon;
				ASSETCATALOG_COMPILER_GLOBAL_ACCENT_COLOR_NAME = AccentColor;
				CODE_SIGN_STYLE = Automatic;
				CURRENT_PROJECT_VERSION = 1;
				DEVELOPMENT_TEAM = A95XXD5WT7;
				GENERATE_INFOPLIST_FILE = YES;
				INFOPLIST_FILE = "34th-SOPT-Seminar/Info.plist";
				INFOPLIST_KEY_UIApplicationSupportsIndirectInputEvents = YES;
				INFOPLIST_KEY_UILaunchStoryboardName = LaunchScreen;
				INFOPLIST_KEY_UIMainStoryboardFile = Main;
				INFOPLIST_KEY_UISupportedInterfaceOrientations_iPad = "UIInterfaceOrientationPortrait UIInterfaceOrientationPortraitUpsideDown UIInterfaceOrientationLandscapeLeft UIInterfaceOrientationLandscapeRight";
				INFOPLIST_KEY_UISupportedInterfaceOrientations_iPhone = "UIInterfaceOrientationPortrait UIInterfaceOrientationLandscapeLeft UIInterfaceOrientationLandscapeRight";
				LD_RUNPATH_SEARCH_PATHS = (
					"$(inherited)",
					"@executable_path/Frameworks",
				);
				MARKETING_VERSION = 1.0;
				PRODUCT_BUNDLE_IDENTIFIER = "com.test.-4th-SOPT-Seminar";
				PRODUCT_NAME = "$(TARGET_NAME)";
				SWIFT_EMIT_LOC_STRINGS = YES;
				SWIFT_VERSION = 5.0;
				TARGETED_DEVICE_FAMILY = "1,2";
			};
			name = Debug;
		};
		9E498E9E2BB7D7AA00AE494B /* Release */ = {
			isa = XCBuildConfiguration;
			buildSettings = {
				ASSETCATALOG_COMPILER_APPICON_NAME = AppIcon;
				ASSETCATALOG_COMPILER_GLOBAL_ACCENT_COLOR_NAME = AccentColor;
				CODE_SIGN_STYLE = Automatic;
				CURRENT_PROJECT_VERSION = 1;
				DEVELOPMENT_TEAM = A95XXD5WT7;
				GENERATE_INFOPLIST_FILE = YES;
				INFOPLIST_FILE = "34th-SOPT-Seminar/Info.plist";
				INFOPLIST_KEY_UIApplicationSupportsIndirectInputEvents = YES;
				INFOPLIST_KEY_UILaunchStoryboardName = LaunchScreen;
				INFOPLIST_KEY_UIMainStoryboardFile = Main;
				INFOPLIST_KEY_UISupportedInterfaceOrientations_iPad = "UIInterfaceOrientationPortrait UIInterfaceOrientationPortraitUpsideDown UIInterfaceOrientationLandscapeLeft UIInterfaceOrientationLandscapeRight";
				INFOPLIST_KEY_UISupportedInterfaceOrientations_iPhone = "UIInterfaceOrientationPortrait UIInterfaceOrientationLandscapeLeft UIInterfaceOrientationLandscapeRight";
				LD_RUNPATH_SEARCH_PATHS = (
					"$(inherited)",
					"@executable_path/Frameworks",
				);
				MARKETING_VERSION = 1.0;
				PRODUCT_BUNDLE_IDENTIFIER = "com.test.-4th-SOPT-Seminar";
				PRODUCT_NAME = "$(TARGET_NAME)";
				SWIFT_EMIT_LOC_STRINGS = YES;
				SWIFT_VERSION = 5.0;
				TARGETED_DEVICE_FAMILY = "1,2";
			};
			name = Release;
		};
		9E498EA02BB7D7AA00AE494B /* Debug */ = {
			isa = XCBuildConfiguration;
			buildSettings = {
				ALWAYS_EMBED_SWIFT_STANDARD_LIBRARIES = YES;
				BUNDLE_LOADER = "$(TEST_HOST)";
				CODE_SIGN_STYLE = Automatic;
				CURRENT_PROJECT_VERSION = 1;
				DEVELOPMENT_TEAM = A95XXD5WT7;
				GENERATE_INFOPLIST_FILE = YES;
				IPHONEOS_DEPLOYMENT_TARGET = 17.4;
				MARKETING_VERSION = 1.0;
				PRODUCT_BUNDLE_IDENTIFIER = "com.test.-4th-SOPT-SeminarTests";
				PRODUCT_NAME = "$(TARGET_NAME)";
				SWIFT_EMIT_LOC_STRINGS = NO;
				SWIFT_VERSION = 5.0;
				TARGETED_DEVICE_FAMILY = "1,2";
				TEST_HOST = "$(BUILT_PRODUCTS_DIR)/34th-SOPT-Seminar.app/$(BUNDLE_EXECUTABLE_FOLDER_PATH)/34th-SOPT-Seminar";
			};
			name = Debug;
		};
		9E498EA12BB7D7AA00AE494B /* Release */ = {
			isa = XCBuildConfiguration;
			buildSettings = {
				ALWAYS_EMBED_SWIFT_STANDARD_LIBRARIES = YES;
				BUNDLE_LOADER = "$(TEST_HOST)";
				CODE_SIGN_STYLE = Automatic;
				CURRENT_PROJECT_VERSION = 1;
				DEVELOPMENT_TEAM = A95XXD5WT7;
				GENERATE_INFOPLIST_FILE = YES;
				IPHONEOS_DEPLOYMENT_TARGET = 17.4;
				MARKETING_VERSION = 1.0;
				PRODUCT_BUNDLE_IDENTIFIER = "com.test.-4th-SOPT-SeminarTests";
				PRODUCT_NAME = "$(TARGET_NAME)";
				SWIFT_EMIT_LOC_STRINGS = NO;
				SWIFT_VERSION = 5.0;
				TARGETED_DEVICE_FAMILY = "1,2";
				TEST_HOST = "$(BUILT_PRODUCTS_DIR)/34th-SOPT-Seminar.app/$(BUNDLE_EXECUTABLE_FOLDER_PATH)/34th-SOPT-Seminar";
			};
			name = Release;
		};
		9E498EA32BB7D7AA00AE494B /* Debug */ = {
			isa = XCBuildConfiguration;
			buildSettings = {
				ALWAYS_EMBED_SWIFT_STANDARD_LIBRARIES = YES;
				CODE_SIGN_STYLE = Automatic;
				CURRENT_PROJECT_VERSION = 1;
				DEVELOPMENT_TEAM = A95XXD5WT7;
				GENERATE_INFOPLIST_FILE = YES;
				MARKETING_VERSION = 1.0;
				PRODUCT_BUNDLE_IDENTIFIER = "com.test.-4th-SOPT-SeminarUITests";
				PRODUCT_NAME = "$(TARGET_NAME)";
				SWIFT_EMIT_LOC_STRINGS = NO;
				SWIFT_VERSION = 5.0;
				TARGETED_DEVICE_FAMILY = "1,2";
				TEST_TARGET_NAME = "34th-SOPT-Seminar";
			};
			name = Debug;
		};
		9E498EA42BB7D7AA00AE494B /* Release */ = {
			isa = XCBuildConfiguration;
			buildSettings = {
				ALWAYS_EMBED_SWIFT_STANDARD_LIBRARIES = YES;
				CODE_SIGN_STYLE = Automatic;
				CURRENT_PROJECT_VERSION = 1;
				DEVELOPMENT_TEAM = A95XXD5WT7;
				GENERATE_INFOPLIST_FILE = YES;
				MARKETING_VERSION = 1.0;
				PRODUCT_BUNDLE_IDENTIFIER = "com.test.-4th-SOPT-SeminarUITests";
				PRODUCT_NAME = "$(TARGET_NAME)";
				SWIFT_EMIT_LOC_STRINGS = NO;
				SWIFT_VERSION = 5.0;
				TARGETED_DEVICE_FAMILY = "1,2";
				TEST_TARGET_NAME = "34th-SOPT-Seminar";
			};
			name = Release;
		};
/* End XCBuildConfiguration section */

/* Begin XCConfigurationList section */
		9E498E6D2BB7D7A800AE494B /* Build configuration list for PBXProject "34th-SOPT-Seminar" */ = {
			isa = XCConfigurationList;
			buildConfigurations = (
				9E498E9A2BB7D7AA00AE494B /* Debug */,
				9E498E9B2BB7D7AA00AE494B /* Release */,
			);
			defaultConfigurationIsVisible = 0;
			defaultConfigurationName = Release;
		};
		9E498E9C2BB7D7AA00AE494B /* Build configuration list for PBXNativeTarget "34th-SOPT-Seminar" */ = {
			isa = XCConfigurationList;
			buildConfigurations = (
				9E498E9D2BB7D7AA00AE494B /* Debug */,
				9E498E9E2BB7D7AA00AE494B /* Release */,
			);
			defaultConfigurationIsVisible = 0;
			defaultConfigurationName = Release;
		};
		9E498E9F2BB7D7AA00AE494B /* Build configuration list for PBXNativeTarget "34th-SOPT-SeminarTests" */ = {
			isa = XCConfigurationList;
			buildConfigurations = (
				9E498EA02BB7D7AA00AE494B /* Debug */,
				9E498EA12BB7D7AA00AE494B /* Release */,
			);
			defaultConfigurationIsVisible = 0;
			defaultConfigurationName = Release;
		};
		9E498EA22BB7D7AA00AE494B /* Build configuration list for PBXNativeTarget "34th-SOPT-SeminarUITests" */ = {
			isa = XCConfigurationList;
			buildConfigurations = (
				9E498EA32BB7D7AA00AE494B /* Debug */,
				9E498EA42BB7D7AA00AE494B /* Release */,
			);
			defaultConfigurationIsVisible = 0;
			defaultConfigurationName = Release;
		};
/* End XCConfigurationList section */

/* Begin XCRemoteSwiftPackageReference section */
		9E60901E2BC110F900D018B2 /* XCRemoteSwiftPackageReference "Then" */ = {
			isa = XCRemoteSwiftPackageReference;
			repositoryURL = "https://github.com/devxoul/Then.git";
			requirement = {
				kind = upToNextMajorVersion;
				minimumVersion = 3.0.0;
			};
		};
		9E6090342BC127D800D018B2 /* XCRemoteSwiftPackageReference "LookinServer" */ = {
			isa = XCRemoteSwiftPackageReference;
			repositoryURL = "https://github.com/QMUI/LookinServer";
			requirement = {
				kind = upToNextMajorVersion;
				minimumVersion = 1.2.7;
			};
		};
		9E6090372BC12BA000D018B2 /* XCRemoteSwiftPackageReference "SnapKit" */ = {
			isa = XCRemoteSwiftPackageReference;
			repositoryURL = "https://github.com/SnapKit/SnapKit.git";
			requirement = {
				kind = upToNextMajorVersion;
				minimumVersion = 5.7.1;
			};
		};
/* End XCRemoteSwiftPackageReference section */

/* Begin XCSwiftPackageProductDependency section */
		9E60901F2BC110F900D018B2 /* Then */ = {
			isa = XCSwiftPackageProductDependency;
			package = 9E60901E2BC110F900D018B2 /* XCRemoteSwiftPackageReference "Then" */;
			productName = Then;
		};
		9E6090352BC127D800D018B2 /* LookinServer */ = {
			isa = XCSwiftPackageProductDependency;
			package = 9E6090342BC127D800D018B2 /* XCRemoteSwiftPackageReference "LookinServer" */;
			productName = LookinServer;
		};
		9E6090382BC12BA000D018B2 /* SnapKit */ = {
			isa = XCSwiftPackageProductDependency;
			package = 9E6090372BC12BA000D018B2 /* XCRemoteSwiftPackageReference "SnapKit" */;
			productName = SnapKit;
		};
/* End XCSwiftPackageProductDependency section */
	};
	rootObject = 9E498E6A2BB7D7A800AE494B /* Project object */;
}
